
Microsoft Visual Studio Solution File, Format Version 12.00
# Visual Studio Version 17
VisualStudioVersion = 17.12.35707.178
MinimumVisualStudioVersion = 10.0.40219.1
Project("{FAE04EC0-301F-11D3-BF4B-00C04F79EFBC}") = "Web.API", "src\Web.API\Web.API.csproj", "{583FA3E6-BEC6-4179-9524-37EC24A93F05}"
EndProject
Project("{2150E333-8FDC-42A3-9474-1A3956D46DE8}") = "src", "src", "{5DD14F38-E181-4545-8902-C4DED8BD155B}"
EndProject
Project("{FAE04EC0-301F-11D3-BF4B-00C04F79EFBC}") = "Domain", "src\Domain\Domain.csproj", "{57B53EE9-8D2A-4152-81C3-52BC950388BE}"
EndProject
Project("{FAE04EC0-301F-11D3-BF4B-00C04F79EFBC}") = "Application", "src\Application\Application.csproj", "{D57CE1EE-A1C0-4DD1-AA21-5AF706497CFE}"
EndProject
Project("{FAE04EC0-301F-11D3-BF4B-00C04F79EFBC}") = "Infrastructure", "src\Infrastructure\Infrastructure.csproj", "{0B2907FC-C42D-4A91-927C-3EFED9BBFCDF}"
EndProject
Global
	GlobalSection(SolutionConfigurationPlatforms) = preSolution
		Debug|Any CPU = Debug|Any CPU
		Release|Any CPU = Release|Any CPU
	EndGlobalSection
	GlobalSection(ProjectConfigurationPlatforms) = postSolution
		{583FA3E6-BEC6-4179-9524-37EC24A93F05}.Debug|Any CPU.ActiveCfg = Debug|Any CPU
		{583FA3E6-BEC6-4179-9524-37EC24A93F05}.Debug|Any CPU.Build.0 = Debug|Any CPU
		{583FA3E6-BEC6-4179-9524-37EC24A93F05}.Release|Any CPU.ActiveCfg = Release|Any CPU
		{583FA3E6-BEC6-4179-9524-37EC24A93F05}.Release|Any CPU.Build.0 = Release|Any CPU
		{57B53EE9-8D2A-4152-81C3-52BC950388BE}.Debug|Any CPU.ActiveCfg = Debug|Any CPU
		{57B53EE9-8D2A-4152-81C3-52BC950388BE}.Debug|Any CPU.Build.0 = Debug|Any CPU
		{57B53EE9-8D2A-4152-81C3-52BC950388BE}.Release|Any CPU.ActiveCfg = Release|Any CPU
		{57B53EE9-8D2A-4152-81C3-52BC950388BE}.Release|Any CPU.Build.0 = Release|Any CPU
		{D57CE1EE-A1C0-4DD1-AA21-5AF706497CFE}.Debug|Any CPU.ActiveCfg = Debug|Any CPU
		{D57CE1EE-A1C0-4DD1-AA21-5AF706497CFE}.Debug|Any CPU.Build.0 = Debug|Any CPU
		{D57CE1EE-A1C0-4DD1-AA21-5AF706497CFE}.Release|Any CPU.ActiveCfg = Release|Any CPU
		{D57CE1EE-A1C0-4DD1-AA21-5AF706497CFE}.Release|Any CPU.Build.0 = Release|Any CPU
		{0B2907FC-C42D-4A91-927C-3EFED9BBFCDF}.Debug|Any CPU.ActiveCfg = Debug|Any CPU
		{0B2907FC-C42D-4A91-927C-3EFED9BBFCDF}.Debug|Any CPU.Build.0 = Debug|Any CPU
		{0B2907FC-C42D-4A91-927C-3EFED9BBFCDF}.Release|Any CPU.ActiveCfg = Release|Any CPU
		{0B2907FC-C42D-4A91-927C-3EFED9BBFCDF}.Release|Any CPU.Build.0 = Release|Any CPU
	EndGlobalSection
	GlobalSection(SolutionProperties) = preSolution
		HideSolutionNode = FALSE
	EndGlobalSection
	GlobalSection(NestedProjects) = preSolution
		{583FA3E6-BEC6-4179-9524-37EC24A93F05} = {5DD14F38-E181-4545-8902-C4DED8BD155B}
		{57B53EE9-8D2A-4152-81C3-52BC950388BE} = {5DD14F38-E181-4545-8902-C4DED8BD155B}
		{D57CE1EE-A1C0-4DD1-AA21-5AF706497CFE} = {5DD14F38-E181-4545-8902-C4DED8BD155B}
		{0B2907FC-C42D-4A91-927C-3EFED9BBFCDF} = {5DD14F38-E181-4545-8902-C4DED8BD155B}
	EndGlobalSection
EndGlobal
